
Microsoft Visual Studio Solution File, Format Version 12.00
# Visual Studio Version 17
VisualStudioVersion = 17.10.35013.160
MinimumVisualStudioVersion = 10.0.40219.1
Project("{FAE04EC0-301F-11D3-BF4B-00C04F79EFBC}") = "ConsoleApp5", "ConsoleApp5\ConsoleApp5.csproj", "{8D6E7167-2CA2-4CA5-93A4-0E41E1CBA1CD}"
EndProject
Global
	GlobalSection(SolutionConfigurationPlatforms) = preSolution
		Debug|Any CPU = Debug|Any CPU
		Release|Any CPU = Release|Any CPU
	EndGlobalSection
	GlobalSection(ProjectConfigurationPlatforms) = postSolution
		{8D6E7167-2CA2-4CA5-93A4-0E41E1CBA1CD}.Debug|Any CPU.ActiveCfg = Debug|Any CPU
		{8D6E7167-2CA2-4CA5-93A4-0E41E1CBA1CD}.Debug|Any CPU.Build.0 = Debug|Any CPU
		{8D6E7167-2CA2-4CA5-93A4-0E41E1CBA1CD}.Release|Any CPU.ActiveCfg = Release|Any CPU
		{8D6E7167-2CA2-4CA5-93A4-0E41E1CBA1CD}.Release|Any CPU.Build.0 = Release|Any CPU
	EndGlobalSection
	GlobalSection(SolutionProperties) = preSolution
		HideSolutionNode = FALSE
	EndGlobalSection
	GlobalSection(ExtensibilityGlobals) = postSolution
		SolutionGuid = {7892B676-4B90-44CD-82C5-2B8B7AF16C2E}
	EndGlobalSection
EndGlobal
